<?xml version="1.0" encoding="utf-8"?>
<Project ToolsVersion="4.0" xmlns="http://schemas.microsoft.com/developer/msbuild/2003">
  <ItemGroup>
    <Filter Include="Source Files">
      <UniqueIdentifier>{4FC737F1-C7A5-4376-A066-2A32D752A2FF}</UniqueIdentifier>
      <Extensions>cpp;c;cc;cxx;c++;cppm;ixx;def;odl;idl;hpj;bat;asm;asmx</Extensions>
    </Filter>
    <Filter Include="Header Files">
      <UniqueIdentifier>{93995380-89BD-4b04-88EB-625FBE52EBFB}</UniqueIdentifier>
      <Extensions>h;hh;hpp;hxx;h++;hm;inl;inc;ipp;xsd</Extensions>
    </Filter>
    <Filter Include="Resource Files">
      <UniqueIdentifier>{67DA6AB6-F800-4c08-8B7A-83BB121AAD01}</UniqueIdentifier>
      <Extensions>rc;ico;cur;bmp;dlg;rc2;rct;bin;rgs;gif;jpg;jpeg;jpe;resx;tiff;tif;png;wav;mfcribbon-ms</Extensions>
    </Filter>
  </ItemGroup>
  <ItemGroup>
    <ClCompile Include="ECS.cpp">
      <Filter>Source Files</Filter>
    </ClCompile>
    <ClCompile Include="Component\Component.cpp">
      <Filter>Source Files</Filter>
    </ClCompile>
    <ClCompile Include="GameObject\GameObject.cpp">
      <Filter>Source Files</Filter>
    </ClCompile>
    <ClCompile Include="GOComponent\GOComponent.cpp">
      <Filter>Source Files</Filter>
    </ClCompile>
    <ClCompile Include="System\System.cpp">
      <Filter>Source Files</Filter>
    </ClCompile>
    <ClCompile Include="ComponentManager\ComponentManager.cpp">
      <Filter>Source Files</Filter>
    </ClCompile>
    <ClCompile Include="EntityManager\EntityManager.cpp">
      <Filter>Source Files</Filter>
    </ClCompile>
  </ItemGroup>
  <ItemGroup>
    <ClInclude Include="ECSConstants.h">
      <Filter>Header Files</Filter>
    </ClInclude>
    <ClInclude Include="Component\Component.h">
      <Filter>Header Files</Filter>
    </ClInclude>
    <ClInclude Include="ComponentIDGenerator\ComponentIDGenerator.h">
      <Filter>Header Files</Filter>
    </ClInclude>
    <ClInclude Include="System\System.h">
      <Filter>Header Files</Filter>
    </ClInclude>
    <ClInclude Include="GameObject\GameObject.h">
      <Filter>Header Files</Filter>
    </ClInclude>
    <ClInclude Include="GOComponent\GOComponent.h">
      <Filter>Header Files</Filter>
    </ClInclude>
    <ClInclude Include="entt\config\config.h">
      <Filter>Header Files</Filter>
    </ClInclude>
    <ClInclude Include="entt\config\macro.h">
      <Filter>Header Files</Filter>
    </ClInclude>
    <ClInclude Include="entt\config\version.h">
      <Filter>Header Files</Filter>
    </ClInclude>
    <ClInclude Include="entt\container\dense_map.hpp">
      <Filter>Header Files</Filter>
    </ClInclude>
    <ClInclude Include="entt\container\dense_set.hpp">
      <Filter>Header Files</Filter>
    </ClInclude>
    <ClInclude Include="entt\container\fwd.hpp">
      <Filter>Header Files</Filter>
    </ClInclude>
    <ClInclude Include="entt\core\algorithm.hpp">
      <Filter>Header Files</Filter>
    </ClInclude>
    <ClInclude Include="entt\core\any.hpp">
      <Filter>Header Files</Filter>
    </ClInclude>
    <ClInclude Include="entt\core\attribute.h">
      <Filter>Header Files</Filter>
    </ClInclude>
    <ClInclude Include="entt\core\compressed_pair.hpp">
      <Filter>Header Files</Filter>
    </ClInclude>
    <ClInclude Include="entt\core\enum.hpp">
      <Filter>Header Files</Filter>
    </ClInclude>
    <ClInclude Include="entt\core\family.hpp">
      <Filter>Header Files</Filter>
    </ClInclude>
    <ClInclude Include="entt\core\fwd.hpp">
      <Filter>Header Files</Filter>
    </ClInclude>
    <ClInclude Include="entt\core\hashed_string.hpp">
      <Filter>Header Files</Filter>
    </ClInclude>
    <ClInclude Include="entt\core\ident.hpp">
      <Filter>Header Files</Filter>
    </ClInclude>
    <ClInclude Include="entt\core\iterator.hpp">
      <Filter>Header Files</Filter>
    </ClInclude>
    <ClInclude Include="entt\core\memory.hpp">
      <Filter>Header Files</Filter>
    </ClInclude>
    <ClInclude Include="entt\core\monostate.hpp">
      <Filter>Header Files</Filter>
    </ClInclude>
    <ClInclude Include="entt\core\tuple.hpp">
      <Filter>Header Files</Filter>
    </ClInclude>
    <ClInclude Include="entt\core\type_info.hpp">
      <Filter>Header Files</Filter>
    </ClInclude>
    <ClInclude Include="entt\core\type_traits.hpp">
      <Filter>Header Files</Filter>
    </ClInclude>
    <ClInclude Include="entt\core\utility.hpp">
      <Filter>Header Files</Filter>
    </ClInclude>
    <ClInclude Include="entt\entity\component.hpp">
      <Filter>Header Files</Filter>
    </ClInclude>
    <ClInclude Include="entt\entity\entity.hpp">
      <Filter>Header Files</Filter>
    </ClInclude>
    <ClInclude Include="entt\entity\fwd.hpp">
      <Filter>Header Files</Filter>
    </ClInclude>
    <ClInclude Include="entt\entity\group.hpp">
      <Filter>Header Files</Filter>
    </ClInclude>
    <ClInclude Include="entt\entity\handle.hpp">
      <Filter>Header Files</Filter>
    </ClInclude>
    <ClInclude Include="entt\entity\helper.hpp">
      <Filter>Header Files</Filter>
    </ClInclude>
    <ClInclude Include="entt\entity\observer.hpp">
      <Filter>Header Files</Filter>
    </ClInclude>
    <ClInclude Include="entt\entity\organizer.hpp">
      <Filter>Header Files</Filter>
    </ClInclude>
    <ClInclude Include="entt\entity\registry.hpp">
      <Filter>Header Files</Filter>
    </ClInclude>
    <ClInclude Include="entt\entity\runtime_view.hpp">
      <Filter>Header Files</Filter>
    </ClInclude>
    <ClInclude Include="entt\entity\sigh_storage_mixin.hpp">
      <Filter>Header Files</Filter>
    </ClInclude>
    <ClInclude Include="entt\entity\snapshot.hpp">
      <Filter>Header Files</Filter>
    </ClInclude>
    <ClInclude Include="entt\entity\sparse_set.hpp">
      <Filter>Header Files</Filter>
    </ClInclude>
    <ClInclude Include="entt\entity\storage.hpp">
      <Filter>Header Files</Filter>
    </ClInclude>
    <ClInclude Include="entt\entity\utility.hpp">
      <Filter>Header Files</Filter>
    </ClInclude>
    <ClInclude Include="entt\entity\view.hpp">
      <Filter>Header Files</Filter>
    </ClInclude>
    <ClInclude Include="entt\locator\locator.hpp">
      <Filter>Header Files</Filter>
    </ClInclude>
    <ClInclude Include="entt\meta\adl_pointer.hpp">
      <Filter>Header Files</Filter>
    </ClInclude>
    <ClInclude Include="entt\meta\container.hpp">
      <Filter>Header Files</Filter>
    </ClInclude>
    <ClInclude Include="entt\meta\ctx.hpp">
      <Filter>Header Files</Filter>
    </ClInclude>
    <ClInclude Include="entt\meta\factory.hpp">
      <Filter>Header Files</Filter>
    </ClInclude>
    <ClInclude Include="entt\meta\fwd.hpp">
      <Filter>Header Files</Filter>
    </ClInclude>
    <ClInclude Include="entt\meta\meta.hpp">
      <Filter>Header Files</Filter>
    </ClInclude>
    <ClInclude Include="entt\meta\node.hpp">
      <Filter>Header Files</Filter>
    </ClInclude>
    <ClInclude Include="entt\meta\pointer.hpp">
      <Filter>Header Files</Filter>
    </ClInclude>
    <ClInclude Include="entt\meta\policy.hpp">
      <Filter>Header Files</Filter>
    </ClInclude>
    <ClInclude Include="entt\meta\range.hpp">
      <Filter>Header Files</Filter>
    </ClInclude>
    <ClInclude Include="entt\meta\resolve.hpp">
      <Filter>Header Files</Filter>
    </ClInclude>
    <ClInclude Include="entt\meta\template.hpp">
      <Filter>Header Files</Filter>
    </ClInclude>
    <ClInclude Include="entt\meta\type_traits.hpp">
      <Filter>Header Files</Filter>
    </ClInclude>
    <ClInclude Include="entt\meta\utility.hpp">
      <Filter>Header Files</Filter>
    </ClInclude>
    <ClInclude Include="entt\platform\android-ndk-r17.hpp">
      <Filter>Header Files</Filter>
    </ClInclude>
    <ClInclude Include="entt\poly\fwd.hpp">
      <Filter>Header Files</Filter>
    </ClInclude>
    <ClInclude Include="entt\poly\poly.hpp">
      <Filter>Header Files</Filter>
    </ClInclude>
    <ClInclude Include="entt\process\process.hpp">
      <Filter>Header Files</Filter>
    </ClInclude>
    <ClInclude Include="entt\process\scheduler.hpp">
      <Filter>Header Files</Filter>
    </ClInclude>
    <ClInclude Include="entt\resource\cache.hpp">
      <Filter>Header Files</Filter>
    </ClInclude>
    <ClInclude Include="entt\resource\fwd.hpp">
      <Filter>Header Files</Filter>
    </ClInclude>
    <ClInclude Include="entt\resource\handle.hpp">
      <Filter>Header Files</Filter>
    </ClInclude>
    <ClInclude Include="entt\resource\loader.hpp">
      <Filter>Header Files</Filter>
    </ClInclude>
    <ClInclude Include="entt\signal\delegate.hpp">
      <Filter>Header Files</Filter>
    </ClInclude>
    <ClInclude Include="entt\signal\dispatcher.hpp">
      <Filter>Header Files</Filter>
    </ClInclude>
    <ClInclude Include="entt\signal\emitter.hpp">
      <Filter>Header Files</Filter>
    </ClInclude>
    <ClInclude Include="entt\signal\fwd.hpp">
      <Filter>Header Files</Filter>
    </ClInclude>
    <ClInclude Include="entt\signal\sigh.hpp">
      <Filter>Header Files</Filter>
    </ClInclude>
    <ClInclude Include="entt\entt.hpp">
      <Filter>Header Files</Filter>
    </ClInclude>
    <ClInclude Include="entt\fwd.hpp">
      <Filter>Header Files</Filter>
    </ClInclude>
    <ClInclude Include="ComponentManager\ComponentManager.h">
      <Filter>Header Files</Filter>
    </ClInclude>
    <ClInclude Include="EntityManager\EntityManager.h">
      <Filter>Header Files</Filter>
    </ClInclude>
    <ClInclude Include="Utils\Utils.h">
      <Filter>Header Files</Filter>
    </ClInclude>
  </ItemGroup>
</Project>